{
  "name": "did-webplus-zkred-interop",
  "lockfileVersion": 3,
  "requires": true,
  "packages": {
    "": {
      "name": "did-webplus-zkred-interop",
      "dependencies": {
        "@zkred/did-webplus": "^0.9.0"
      },
      "engines": {
        "node": ">=20"
      }
    },
    "node_modules/@noble/curves": {
      "version": "1.9.7",
      "resolved": "https://registry.npmjs.org/@noble/curves/-/curves-1.9.7.tgz",
      "integrity": "sha512-gbKGcRUYIjA3/zCCNaWDciTMFI0dCkvou3TL8Zmy5Nc7sJ47a0jtOeZoTaMxkuqRo9cRhjOdZJXegxYE5FN/xw==",
      "license": "MIT",
      "dependencies": {
        "@noble/hashes": "1.8.0"
      },
      "engines": {
        "node": "^14.21.3 || >=16"
      },
      "funding": {
        "url": "https://paulmillr.com/funding/"
      }
    },
    "node_modules/@noble/hashes": {
      "version": "1.8.0",
      "resolved": "https://registry.npmjs.org/@noble/hashes/-/hashes-1.8.0.tgz",
      "integrity": "sha512-jCs9ldd7NwzpgXDIf6P3+NrHh9/sD6CQdxHyjQI+h/6rDNo88ypBxxz45UDuZHz9r3tNz7N/VInSVoVdtXEI4A==",
      "license": "MIT",
      "engines": {
        "node": "^14.21.3 || >=16"
      },
      "funding": {
        "url": "https://paulmillr.com/funding/"
      }
    },
    "node_modules/@zkred/did-core": {
      "version": "0.3.0",
      "resolved": "https://registry.npmjs.org/@zkred/did-core/-/did-core-0.3.0.tgz",
      "integrity": "sha512-ozpz79XjNCVcJT6F+dzZIHrwpUEGNVhh/A/txdN6EKFutX87uWmA0BtFm21NXBRisrua5ZBpLwvBpLnnkjsZKQ==",
      "license": "Apache-2.0",
      "engines": {
        "node": ">=20"
      }
    },
    "node_modules/@zkred/did-webplus": {
      "version": "0.9.0",
      "resolved": "https://registry.npmjs.org/@zkred/did-webplus/-/did-webplus-0.9.0.tgz",
      "integrity": "sha512-VnTFoDIMwCFTNW8MrAW2L9rTwWyNxzCZHRuZpmP83zWmlIeXOkpwXtOS+2HEYsw4Q1ADbTzb5bnfz1FEY069JA==",
      "license": "Apache-2.0",
      "dependencies": {
        "@noble/curves": "^1.9.0",
        "@noble/hashes": "^1.8.0",
        "@zkred/did-core": "^0.3.0"
      },
      "engines": {
        "node": ">=20"
      },
      "peerDependencies": {
        "did-resolver": "^4.1.0 || ^5.0.0"
      },
      "peerDependenciesMeta": {
        "did-resolver": {
          "optional": true
        }
      }
    }
  }
}
